
Microsoft Visual Studio Solution File, Format Version 12.00
# Visual Studio Version 17
VisualStudioVersion = 17.3.32929.385
MinimumVisualStudioVersion = 10.0.40219.1
Project("{2150E333-8FDC-42A3-9474-1A3956D46DE8}") = "Src", "Src", "{08AA6422-6E0C-4BF6-BADE-C8413B7628C5}"
EndProject
Project("{2150E333-8FDC-42A3-9474-1A3956D46DE8}") = "Core", "Core", "{62DC3E6D-A942-4B21-ABCF-0EA5D507415B}"
EndProject
Project("{2150E333-8FDC-42A3-9474-1A3956D46DE8}") = "Infrastructure", "Infrastructure", "{1755AEDE-86D8-497E-B486-7401F6159A99}"
EndProject
Project("{2150E333-8FDC-42A3-9474-1A3956D46DE8}") = "Presentaion", "Presentaion", "{1799C6C5-3FDA-424B-9CAA-EB5E579E49A5}"
EndProject
Project("{FAE04EC0-301F-11D3-BF4B-00C04F79EFBC}") = "Store.Domain", "Store.Domain\Store.Domain.csproj", "{3AA15E1D-C816-46DA-9276-114B19529C13}"
EndProject
Project("{FAE04EC0-301F-11D3-BF4B-00C04F79EFBC}") = "Store.Aplication", "Store.Aplication\Store.Aplication.csproj", "{93852A26-FFD0-4051-BD9F-84C76FF84DFF}"
EndProject
Project("{FAE04EC0-301F-11D3-BF4B-00C04F79EFBC}") = "Store.Infrastructure", "Store.Infrastructure\Store.Infrastructure.csproj", "{FF8B8B02-9E7F-447C-A888-6D4D6E574275}"
EndProject
Project("{FAE04EC0-301F-11D3-BF4B-00C04F79EFBC}") = "Store.persistence", "Store.Presentaion\Store.persistence.csproj", "{1FA1BF0F-439E-4EAA-880B-5C10953A2866}"
EndProject
Project("{FAE04EC0-301F-11D3-BF4B-00C04F79EFBC}") = "EndPoint.Site", "EndPoint.Site\EndPoint.Site.csproj", "{3D0E46E6-A4B1-4D9B-A72D-46606F8B323F}"
EndProject
Project("{2150E333-8FDC-42A3-9474-1A3956D46DE8}") = "Common", "Common", "{E66A2C94-E7DD-40D4-9FF4-135D5F1F8704}"
EndProject
Project("{FAE04EC0-301F-11D3-BF4B-00C04F79EFBC}") = "Store.Common", "Store.Common\Store.Common.csproj", "{2CC7121E-87DE-470D-93C5-70661C066B2C}"
EndProject
Global
	GlobalSection(SolutionConfigurationPlatforms) = preSolution
		Debug|Any CPU = Debug|Any CPU
		Release|Any CPU = Release|Any CPU
	EndGlobalSection
	GlobalSection(ProjectConfigurationPlatforms) = postSolution
		{3AA15E1D-C816-46DA-9276-114B19529C13}.Debug|Any CPU.ActiveCfg = Debug|Any CPU
		{3AA15E1D-C816-46DA-9276-114B19529C13}.Debug|Any CPU.Build.0 = Debug|Any CPU
		{3AA15E1D-C816-46DA-9276-114B19529C13}.Release|Any CPU.ActiveCfg = Release|Any CPU
		{3AA15E1D-C816-46DA-9276-114B19529C13}.Release|Any CPU.Build.0 = Release|Any CPU
		{93852A26-FFD0-4051-BD9F-84C76FF84DFF}.Debug|Any CPU.ActiveCfg = Debug|Any CPU
		{93852A26-FFD0-4051-BD9F-84C76FF84DFF}.Debug|Any CPU.Build.0 = Debug|Any CPU
		{93852A26-FFD0-4051-BD9F-84C76FF84DFF}.Release|Any CPU.ActiveCfg = Release|Any CPU
		{93852A26-FFD0-4051-BD9F-84C76FF84DFF}.Release|Any CPU.Build.0 = Release|Any CPU
		{FF8B8B02-9E7F-447C-A888-6D4D6E574275}.Debug|Any CPU.ActiveCfg = Debug|Any CPU
		{FF8B8B02-9E7F-447C-A888-6D4D6E574275}.Debug|Any CPU.Build.0 = Debug|Any CPU
		{FF8B8B02-9E7F-447C-A888-6D4D6E574275}.Release|Any CPU.ActiveCfg = Release|Any CPU
		{FF8B8B02-9E7F-447C-A888-6D4D6E574275}.Release|Any CPU.Build.0 = Release|Any CPU
		{1FA1BF0F-439E-4EAA-880B-5C10953A2866}.Debug|Any CPU.ActiveCfg = Debug|Any CPU
		{1FA1BF0F-439E-4EAA-880B-5C10953A2866}.Debug|Any CPU.Build.0 = Debug|Any CPU
		{1FA1BF0F-439E-4EAA-880B-5C10953A2866}.Release|Any CPU.ActiveCfg = Release|Any CPU
		{1FA1BF0F-439E-4EAA-880B-5C10953A2866}.Release|Any CPU.Build.0 = Release|Any CPU
		{3D0E46E6-A4B1-4D9B-A72D-46606F8B323F}.Debug|Any CPU.ActiveCfg = Debug|Any CPU
		{3D0E46E6-A4B1-4D9B-A72D-46606F8B323F}.Debug|Any CPU.Build.0 = Debug|Any CPU
		{3D0E46E6-A4B1-4D9B-A72D-46606F8B323F}.Release|Any CPU.ActiveCfg = Release|Any CPU
		{3D0E46E6-A4B1-4D9B-A72D-46606F8B323F}.Release|Any CPU.Build.0 = Release|Any CPU
		{2CC7121E-87DE-470D-93C5-70661C066B2C}.Debug|Any CPU.ActiveCfg = Debug|Any CPU
		{2CC7121E-87DE-470D-93C5-70661C066B2C}.Debug|Any CPU.Build.0 = Debug|Any CPU
		{2CC7121E-87DE-470D-93C5-70661C066B2C}.Release|Any CPU.ActiveCfg = Release|Any CPU
		{2CC7121E-87DE-470D-93C5-70661C066B2C}.Release|Any CPU.Build.0 = Release|Any CPU
	EndGlobalSection
	GlobalSection(SolutionProperties) = preSolution
		HideSolutionNode = FALSE
	EndGlobalSection
	GlobalSection(NestedProjects) = preSolution
		{62DC3E6D-A942-4B21-ABCF-0EA5D507415B} = {08AA6422-6E0C-4BF6-BADE-C8413B7628C5}
		{1755AEDE-86D8-497E-B486-7401F6159A99} = {08AA6422-6E0C-4BF6-BADE-C8413B7628C5}
		{1799C6C5-3FDA-424B-9CAA-EB5E579E49A5} = {08AA6422-6E0C-4BF6-BADE-C8413B7628C5}
		{3AA15E1D-C816-46DA-9276-114B19529C13} = {62DC3E6D-A942-4B21-ABCF-0EA5D507415B}
		{93852A26-FFD0-4051-BD9F-84C76FF84DFF} = {62DC3E6D-A942-4B21-ABCF-0EA5D507415B}
		{FF8B8B02-9E7F-447C-A888-6D4D6E574275} = {1755AEDE-86D8-497E-B486-7401F6159A99}
		{1FA1BF0F-439E-4EAA-880B-5C10953A2866} = {1755AEDE-86D8-497E-B486-7401F6159A99}
		{3D0E46E6-A4B1-4D9B-A72D-46606F8B323F} = {1799C6C5-3FDA-424B-9CAA-EB5E579E49A5}
		{E66A2C94-E7DD-40D4-9FF4-135D5F1F8704} = {08AA6422-6E0C-4BF6-BADE-C8413B7628C5}
		{2CC7121E-87DE-470D-93C5-70661C066B2C} = {E66A2C94-E7DD-40D4-9FF4-135D5F1F8704}
	EndGlobalSection
	GlobalSection(ExtensibilityGlobals) = postSolution
		SolutionGuid = {0F2DEFA2-59C6-4D15-B9B5-DFA81D65DB4E}
	EndGlobalSection
EndGlobal
